#
# This file is autogenerated by pip-compile with python 3.8
# To update, run:
#
#    pip-compile --output-file=requirements.lock requirements.txt
#
beautifulsoup4==4.10.0
    # via -r requirements.txt
boto3==1.20.24
    # via -r requirements.txt
botocore==1.23.24
    # via
    #   boto3
    #   s3transfer
certifi==2021.10.8
    # via requests
charset-normalizer==2.0.9
    # via requests
click==8.0.3
    # via flask
deprecated==1.2.13
    # via redis
flask==2.0.2
    # via
    #   -r requirements.txt
    #   flask-cors
    #   flask-login
    #   flask-sockets
    #   flask-wtf
flask-cors==3.0.10
    # via -r requirements.txt
flask-login==0.5.0
    # via -r requirements.txt
flask-sockets @ git+https://github.com/APrioriInvestments/flask-sockets.git@2b767f456d166c02d8507f88a65926335a045789
    # via -r requirements.txt
flask-wtf==1.0.0
    # via -r requirements.txt
gevent==21.12.0
    # via
    #   -r requirements.txt
    #   flask-sockets
    #   gevent-websocket
gevent-websocket==0.10.1
    # via
    #   -r requirements.txt
    #   flask-sockets
greenlet==1.1.2
    # via gevent
hiredis==2.0.0
    # via -r requirements.txt
idna==3.3
    # via requests
itsdangerous==2.0.1
    # via
    #   flask
    #   flask-wtf
jinja2==3.0.3
    # via flask
jmespath==0.10.0
    # via
    #   boto3
    #   botocore
ldap3==2.9.1
    # via -r requirements.txt
llvmlite==0.36.0
    # via typed-python
markupsafe==2.0.1
    # via
    #   jinja2
    #   wtforms
nodeenv==1.6.0
    # via -r requirements.txt
numpy==1.19.5
    # via
    #   -r requirements.txt
    #   typed-python
psutil==5.8.0
    # via
    #   -r requirements.txt
    #   typed-python
pyasn1==0.4.8
    # via ldap3
python-dateutil==2.8.2
    # via botocore
pytz==2021.3
    # via
    #   -r requirements.txt
    #   typed-python
pyyaml==6.0
    # via -r requirements.txt
redis==4.0.2
    # via -r requirements.txt
requests==2.26.0
    # via -r requirements.txt
s3transfer==0.5.0
    # via boto3
six==1.16.0
    # via
    #   flask-cors
    #   python-dateutil
sortedcontainers==2.4.0
    # via
    #   -r requirements.txt
    #   typed-python
soupsieve==2.3.1
    # via beautifulsoup4
typed-python==0.2.6
    # via -r requirements.txt
urllib3==1.26.7
    # via
    #   botocore
    #   requests
werkzeug==2.0.2
    # via flask
wrapt==1.13.3
    # via deprecated
wtforms==3.0.0
    # via
    #   -r requirements.txt
    #   flask-wtf
zope-event==4.5.0
    # via gevent
zope-interface==5.4.0
    # via gevent

# The following packages are considered to be unsafe in a requirements file:
# setuptools
